
Microsoft Visual Studio Solution File, Format Version 12.00
# Visual Studio Version 16
VisualStudioVersion = 16.0.30320.27
MinimumVisualStudioVersion = 10.0.40219.1
Project("{8BC9CEB8-8B4A-11D0-8D11-00A0C91BC942}") = "NASM-Test", "NASM-Test\NASM-Test.vcxproj", "{A1031B1E-D429-453F-8845-5B6C964B5C09}"
EndProject
Global
	GlobalSection(SolutionConfigurationPlatforms) = preSolution
		Debug|x64 = Debug|x64
		Debug|x86 = Debug|x86
		Release|x64 = Release|x64
		Release|x86 = Release|x86
	EndGlobalSection
	GlobalSection(ProjectConfigurationPlatforms) = postSolution
		{A1031B1E-D429-453F-8845-5B6C964B5C09}.Debug|x64.ActiveCfg = Debug|x64
		{A1031B1E-D429-453F-8845-5B6C964B5C09}.Debug|x64.Build.0 = Debug|x64
		{A1031B1E-D429-453F-8845-5B6C964B5C09}.Debug|x86.ActiveCfg = Debug|Win32
		{A1031B1E-D429-453F-8845-5B6C964B5C09}.Debug|x86.Build.0 = Debug|Win32
		{A1031B1E-D429-453F-8845-5B6C964B5C09}.Release|x64.ActiveCfg = Release|x64
		{A1031B1E-D429-453F-8845-5B6C964B5C09}.Release|x64.Build.0 = Release|x64
		{A1031B1E-D429-453F-8845-5B6C964B5C09}.Release|x86.ActiveCfg = Release|Win32
		{A1031B1E-D429-453F-8845-5B6C964B5C09}.Release|x86.Build.0 = Release|Win32
	EndGlobalSection
	GlobalSection(SolutionProperties) = preSolution
		HideSolutionNode = FALSE
	EndGlobalSection
	GlobalSection(ExtensibilityGlobals) = postSolution
		SolutionGuid = {CA50EA9D-D118-4037-AB4C-AFF1F7034A13}
	EndGlobalSection
EndGlobal
